
Microsoft Visual Studio Solution File, Format Version 12.00
# Visual Studio Version 17
VisualStudioVersion = 17.5.002.0
MinimumVisualStudioVersion = 10.0.40219.1
Project("{9A19103F-16F7-4668-BE54-9A1E7A4F7556}") = "FidelityGhanaApi", "FidelityGhanaApi.csproj", "{35C27345-6441-4C30-A808-A8DE0243A186}"
EndProject
Global
	GlobalSection(SolutionConfigurationPlatforms) = preSolution
		Debug|Any CPU = Debug|Any CPU
		Release|Any CPU = Release|Any CPU
	EndGlobalSection
	GlobalSection(ProjectConfigurationPlatforms) = postSolution
		{35C27345-6441-4C30-A808-A8DE0243A186}.Debug|Any CPU.ActiveCfg = Debug|Any CPU
		{35C27345-6441-4C30-A808-A8DE0243A186}.Debug|Any CPU.Build.0 = Debug|Any CPU
		{35C27345-6441-4C30-A808-A8DE0243A186}.Release|Any CPU.ActiveCfg = Release|Any CPU
		{35C27345-6441-4C30-A808-A8DE0243A186}.Release|Any CPU.Build.0 = Release|Any CPU
	EndGlobalSection
	GlobalSection(SolutionProperties) = preSolution
		HideSolutionNode = FALSE
	EndGlobalSection
	GlobalSection(ExtensibilityGlobals) = postSolution
		SolutionGuid = {180AB611-FA4A-4461-86FA-CB2E93311D91}
	EndGlobalSection
EndGlobal
